
Microsoft Visual Studio Solution File, Format Version 12.00
# Visual Studio Version 16
VisualStudioVersion = 16.0.29020.237
MinimumVisualStudioVersion = 10.0.40219.1
Project("{FAE04EC0-301F-11D3-BF4B-00C04F79EFBC}") = "Prova02-LP-B", "Prova02-LP-B\Prova02-LP-B.csproj", "{7842249E-C834-4B59-BE03-9C598B1F13B2}"
EndProject
Global
	GlobalSection(SolutionConfigurationPlatforms) = preSolution
		Debug|Any CPU = Debug|Any CPU
		Release|Any CPU = Release|Any CPU
	EndGlobalSection
	GlobalSection(ProjectConfigurationPlatforms) = postSolution
		{7842249E-C834-4B59-BE03-9C598B1F13B2}.Debug|Any CPU.ActiveCfg = Debug|Any CPU
		{7842249E-C834-4B59-BE03-9C598B1F13B2}.Debug|Any CPU.Build.0 = Debug|Any CPU
		{7842249E-C834-4B59-BE03-9C598B1F13B2}.Release|Any CPU.ActiveCfg = Release|Any CPU
		{7842249E-C834-4B59-BE03-9C598B1F13B2}.Release|Any CPU.Build.0 = Release|Any CPU
	EndGlobalSection
	GlobalSection(SolutionProperties) = preSolution
		HideSolutionNode = FALSE
	EndGlobalSection
	GlobalSection(ExtensibilityGlobals) = postSolution
		SolutionGuid = {5B7E6963-7B0F-45B7-8F4E-1253B8BCB359}
	EndGlobalSection
EndGlobal
